
Microsoft Visual Studio Solution File, Format Version 12.00
# Visual Studio Version 17
VisualStudioVersion = 17.3.32901.215
MinimumVisualStudioVersion = 10.0.40219.1
Project("{FAE04EC0-301F-11D3-BF4B-00C04F79EFBC}") = "data.tracker", "data.tracker\data.tracker.csproj", "{9686DDD5-8361-47CE-8B7B-600442B42E31}"
EndProject
Project("{FAE04EC0-301F-11D3-BF4B-00C04F79EFBC}") = "common.tracker", "common.tracker\common.tracker.csproj", "{05061C4C-F5F5-441E-A378-D3A8E3A1F17B}"
EndProject
Project("{FAE04EC0-301F-11D3-BF4B-00C04F79EFBC}") = "service.tracker", "service.tracker\service.tracker.csproj", "{216FDCB5-273A-4264-B11D-C8E05CEDBD5F}"
EndProject
Project("{FAE04EC0-301F-11D3-BF4B-00C04F79EFBC}") = "domain.tracker", "domain.tracker\domain.tracker.csproj", "{390F38AF-E38D-4D3D-BF09-5BBB7F17B796}"
EndProject
Project("{FAE04EC0-301F-11D3-BF4B-00C04F79EFBC}") = "database.tracker", "database.tracker\database.tracker.csproj", "{EF624A20-1C73-4D0D-8284-B41E58DBC17F}"
EndProject
Global
	GlobalSection(SolutionConfigurationPlatforms) = preSolution
		Debug|Any CPU = Debug|Any CPU
		Release|Any CPU = Release|Any CPU
	EndGlobalSection
	GlobalSection(ProjectConfigurationPlatforms) = postSolution
		{9686DDD5-8361-47CE-8B7B-600442B42E31}.Debug|Any CPU.ActiveCfg = Debug|Any CPU
		{9686DDD5-8361-47CE-8B7B-600442B42E31}.Debug|Any CPU.Build.0 = Debug|Any CPU
		{9686DDD5-8361-47CE-8B7B-600442B42E31}.Release|Any CPU.ActiveCfg = Release|Any CPU
		{9686DDD5-8361-47CE-8B7B-600442B42E31}.Release|Any CPU.Build.0 = Release|Any CPU
		{05061C4C-F5F5-441E-A378-D3A8E3A1F17B}.Debug|Any CPU.ActiveCfg = Debug|Any CPU
		{05061C4C-F5F5-441E-A378-D3A8E3A1F17B}.Debug|Any CPU.Build.0 = Debug|Any CPU
		{05061C4C-F5F5-441E-A378-D3A8E3A1F17B}.Release|Any CPU.ActiveCfg = Release|Any CPU
		{05061C4C-F5F5-441E-A378-D3A8E3A1F17B}.Release|Any CPU.Build.0 = Release|Any CPU
		{216FDCB5-273A-4264-B11D-C8E05CEDBD5F}.Debug|Any CPU.ActiveCfg = Debug|Any CPU
		{216FDCB5-273A-4264-B11D-C8E05CEDBD5F}.Debug|Any CPU.Build.0 = Debug|Any CPU
		{216FDCB5-273A-4264-B11D-C8E05CEDBD5F}.Release|Any CPU.ActiveCfg = Release|Any CPU
		{216FDCB5-273A-4264-B11D-C8E05CEDBD5F}.Release|Any CPU.Build.0 = Release|Any CPU
		{390F38AF-E38D-4D3D-BF09-5BBB7F17B796}.Debug|Any CPU.ActiveCfg = Debug|Any CPU
		{390F38AF-E38D-4D3D-BF09-5BBB7F17B796}.Debug|Any CPU.Build.0 = Debug|Any CPU
		{390F38AF-E38D-4D3D-BF09-5BBB7F17B796}.Release|Any CPU.ActiveCfg = Release|Any CPU
		{390F38AF-E38D-4D3D-BF09-5BBB7F17B796}.Release|Any CPU.Build.0 = Release|Any CPU
		{EF624A20-1C73-4D0D-8284-B41E58DBC17F}.Debug|Any CPU.ActiveCfg = Debug|Any CPU
		{EF624A20-1C73-4D0D-8284-B41E58DBC17F}.Debug|Any CPU.Build.0 = Debug|Any CPU
		{EF624A20-1C73-4D0D-8284-B41E58DBC17F}.Release|Any CPU.ActiveCfg = Release|Any CPU
		{EF624A20-1C73-4D0D-8284-B41E58DBC17F}.Release|Any CPU.Build.0 = Release|Any CPU
	EndGlobalSection
	GlobalSection(SolutionProperties) = preSolution
		HideSolutionNode = FALSE
	EndGlobalSection
	GlobalSection(ExtensibilityGlobals) = postSolution
		SolutionGuid = {53558BE5-13C6-4F28-86EE-DC10CD1FB9DF}
	EndGlobalSection
EndGlobal
